
Microsoft Visual Studio Solution File, Format Version 12.00
# Visual Studio 14
VisualStudioVersion = 14.0.25123.0
MinimumVisualStudioVersion = 10.0.40219.1
Project("{FAE04EC0-301F-11D3-BF4B-00C04F79EFBC}") = "yashbot", "yashbot\yashbot.csproj", "{86FA8B05-9B45-4AE8-A4D8-6E6F1A98083C}"
EndProject
Global
	GlobalSection(SolutionConfigurationPlatforms) = preSolution
		Debug|Any CPU = Debug|Any CPU
		Release|Any CPU = Release|Any CPU
	EndGlobalSection
	GlobalSection(ProjectConfigurationPlatforms) = postSolution
		{86FA8B05-9B45-4AE8-A4D8-6E6F1A98083C}.Debug|Any CPU.ActiveCfg = Debug|Any CPU
		{86FA8B05-9B45-4AE8-A4D8-6E6F1A98083C}.Debug|Any CPU.Build.0 = Debug|Any CPU
		{86FA8B05-9B45-4AE8-A4D8-6E6F1A98083C}.Release|Any CPU.ActiveCfg = Release|Any CPU
		{86FA8B05-9B45-4AE8-A4D8-6E6F1A98083C}.Release|Any CPU.Build.0 = Release|Any CPU
	EndGlobalSection
	GlobalSection(SolutionProperties) = preSolution
		HideSolutionNode = FALSE
	EndGlobalSection
EndGlobal
